
Microsoft Visual Studio Solution File, Format Version 12.00
# Visual Studio Version 16
VisualStudioVersion = 16.0.30114.105
MinimumVisualStudioVersion = 10.0.40219.1
Project("{FAE04EC0-301F-11D3-BF4B-00C04F79EFBC}") = "GoonMixer", "GoonMixer\GoonMixer.csproj", "{EA8CB1BE-7200-4D62-BDF3-8ADB778E4CDC}"
EndProject
Project("{FAE04EC0-301F-11D3-BF4B-00C04F79EFBC}") = "GoonMixer.Tests", "GoonMixer.Tests\GoonMixer.Tests.csproj", "{2FD6EFAB-BC75-467E-9163-4302F6ED743B}"
EndProject
Global
	GlobalSection(SolutionConfigurationPlatforms) = preSolution
		Debug|Any CPU = Debug|Any CPU
		Release|Any CPU = Release|Any CPU
	EndGlobalSection
	GlobalSection(SolutionProperties) = preSolution
		HideSolutionNode = FALSE
	EndGlobalSection
	GlobalSection(ProjectConfigurationPlatforms) = postSolution
		{EA8CB1BE-7200-4D62-BDF3-8ADB778E4CDC}.Debug|Any CPU.ActiveCfg = Debug|Any CPU
		{EA8CB1BE-7200-4D62-BDF3-8ADB778E4CDC}.Debug|Any CPU.Build.0 = Debug|Any CPU
		{EA8CB1BE-7200-4D62-BDF3-8ADB778E4CDC}.Release|Any CPU.ActiveCfg = Release|Any CPU
		{EA8CB1BE-7200-4D62-BDF3-8ADB778E4CDC}.Release|Any CPU.Build.0 = Release|Any CPU
		{2FD6EFAB-BC75-467E-9163-4302F6ED743B}.Debug|Any CPU.ActiveCfg = Debug|Any CPU
		{2FD6EFAB-BC75-467E-9163-4302F6ED743B}.Debug|Any CPU.Build.0 = Debug|Any CPU
		{2FD6EFAB-BC75-467E-9163-4302F6ED743B}.Release|Any CPU.ActiveCfg = Release|Any CPU
		{2FD6EFAB-BC75-467E-9163-4302F6ED743B}.Release|Any CPU.Build.0 = Release|Any CPU
	EndGlobalSection
EndGlobal
